
Microsoft Visual Studio Solution File, Format Version 12.00
# Visual Studio Version 17
VisualStudioVersion = 17.8.34511.84
MinimumVisualStudioVersion = 10.0.40219.1

Project("{FAE04EC0-301F-11D3-BF4B-00C04F79EFBC}") = "MovieSearcher.Core", "src\MovieSearcher.Core\MovieSearcher.Core.csproj", "{FEB776AE-A0FC-4739-8902-CB5D7AA58E82}"
EndProject
Project("{FAE04EC0-301F-11D3-BF4B-00C04F79EFBC}") = "MovieSearcher.Services", "src\MovieSearcher.Services\MovieSearcher.Services.csproj", "{8B02EB10-257E-4770-9046-AF8ACD43B590}"
EndProject
Project("{FAE04EC0-301F-11D3-BF4B-00C04F79EFBC}") = "MovieSearcher.VimeoWrapper", "src\MovieSearcher.VimeoWrapper\MovieSearcher.VimeoWrapper.csproj", "{72826932-DA26-45EF-8E6C-6B68A83B9EC7}"
EndProject
Project("{FAE04EC0-301F-11D3-BF4B-00C04F79EFBC}") = "MovieSearcher.WebAPI", "src\MovieSearcher.WebAPI\MovieSearcher.WebAPI.csproj", "{C16FBD4C-34A8-4914-9517-2A4794A1ABBB}"
EndProject
Project("{FAE04EC0-301F-11D3-BF4B-00C04F79EFBC}") = "MovieSearcher.YoutubeWrapper", "src\MovieSearcher.YoutubeWrapper\MovieSearcher.YoutubeWrapper.csproj", "{F4876B8A-B330-4185-9FED-70F03085A713}"
EndProject
Project("{2150E333-8FDC-42A3-9474-1A3956D46DE8}") = "Wrappers", "Wrappers", "{15089EF3-8A25-4360-852B-DBFDC2182092}"
EndProject
Project("{2150E333-8FDC-42A3-9474-1A3956D46DE8}") = "src", "src", "{20A18863-63A2-44DF-8C1C-78AE274128A5}"
EndProject
Project("{2150E333-8FDC-42A3-9474-1A3956D46DE8}") = "Shared", "Shared", "{D187D04D-EECC-4003-A370-4271A735649E}"
EndProject
Project("{2150E333-8FDC-42A3-9474-1A3956D46DE8}") = "test", "test", "{E8B84EB8-7732-4FBE-8FC2-00B154467356}"
EndProject
Project("{FAE04EC0-301F-11D3-BF4B-00C04F79EFBC}") = "MovieSearcher.YoutubeWrapper.Tests", "test\MovieSearcher.YoutubeWrapper.Tests\MovieSearcher.YoutubeWrapper.Tests.csproj", "{2B2D1275-67FE-43EE-99FE-3782A68BE1BF}"
EndProject
Project("{FAE04EC0-301F-11D3-BF4B-00C04F79EFBC}") = "MovieSearcher.VimeoWrapper.Tests", "test\MovieSearcher.VimeoWrapper.Tests\MovieSearcher.VimeoWrapper.Tests.csproj", "{856C2246-5F9C-49CA-BF0C-F2879BFF2914}"
EndProject
Project("{FAE04EC0-301F-11D3-BF4B-00C04F79EFBC}") = "MovieSearcher.Services.Tests", "test\MovieSearcher.Services.Tests\MovieSearcher.Services.Tests.csproj", "{9E453AA9-DB80-401A-84CF-79A1418F8C7F}"
EndProject
Project("{FAE04EC0-301F-11D3-BF4B-00C04F79EFBC}") = "MovieSearcher.WebAPI.Tests.Integration", "test\MovieSearcher.WebAPI.Tests.Integration\MovieSearcher.WebAPI.Tests.Integration.csproj", "{CA64B938-8275-4FFC-8D3B-53189F767EEB}"
EndProject
Global
	GlobalSection(SolutionConfigurationPlatforms) = preSolution
		Debug|Any CPU = Debug|Any CPU
		Release|Any CPU = Release|Any CPU
	EndGlobalSection
	GlobalSection(ProjectConfigurationPlatforms) = postSolution
	
		{FEB776AE-A0FC-4739-8902-CB5D7AA58E82}.Debug|Any CPU.ActiveCfg = Debug|Any CPU
		{FEB776AE-A0FC-4739-8902-CB5D7AA58E82}.Debug|Any CPU.Build.0 = Debug|Any CPU
		{FEB776AE-A0FC-4739-8902-CB5D7AA58E82}.Release|Any CPU.ActiveCfg = Release|Any CPU
		{FEB776AE-A0FC-4739-8902-CB5D7AA58E82}.Release|Any CPU.Build.0 = Release|Any CPU
		{8B02EB10-257E-4770-9046-AF8ACD43B590}.Debug|Any CPU.ActiveCfg = Debug|Any CPU
		{8B02EB10-257E-4770-9046-AF8ACD43B590}.Debug|Any CPU.Build.0 = Debug|Any CPU
		{8B02EB10-257E-4770-9046-AF8ACD43B590}.Release|Any CPU.ActiveCfg = Release|Any CPU
		{8B02EB10-257E-4770-9046-AF8ACD43B590}.Release|Any CPU.Build.0 = Release|Any CPU
		{72826932-DA26-45EF-8E6C-6B68A83B9EC7}.Debug|Any CPU.ActiveCfg = Debug|Any CPU
		{72826932-DA26-45EF-8E6C-6B68A83B9EC7}.Debug|Any CPU.Build.0 = Debug|Any CPU
		{72826932-DA26-45EF-8E6C-6B68A83B9EC7}.Release|Any CPU.ActiveCfg = Release|Any CPU
		{72826932-DA26-45EF-8E6C-6B68A83B9EC7}.Release|Any CPU.Build.0 = Release|Any CPU
		{C16FBD4C-34A8-4914-9517-2A4794A1ABBB}.Debug|Any CPU.ActiveCfg = Debug|Any CPU
		{C16FBD4C-34A8-4914-9517-2A4794A1ABBB}.Debug|Any CPU.Build.0 = Debug|Any CPU
		{C16FBD4C-34A8-4914-9517-2A4794A1ABBB}.Release|Any CPU.ActiveCfg = Release|Any CPU
		{C16FBD4C-34A8-4914-9517-2A4794A1ABBB}.Release|Any CPU.Build.0 = Release|Any CPU
		{F4876B8A-B330-4185-9FED-70F03085A713}.Debug|Any CPU.ActiveCfg = Debug|Any CPU
		{F4876B8A-B330-4185-9FED-70F03085A713}.Debug|Any CPU.Build.0 = Debug|Any CPU
		{F4876B8A-B330-4185-9FED-70F03085A713}.Release|Any CPU.ActiveCfg = Release|Any CPU
		{F4876B8A-B330-4185-9FED-70F03085A713}.Release|Any CPU.Build.0 = Release|Any CPU
		{2B2D1275-67FE-43EE-99FE-3782A68BE1BF}.Debug|Any CPU.ActiveCfg = Debug|Any CPU
		{2B2D1275-67FE-43EE-99FE-3782A68BE1BF}.Debug|Any CPU.Build.0 = Debug|Any CPU
		{2B2D1275-67FE-43EE-99FE-3782A68BE1BF}.Release|Any CPU.ActiveCfg = Release|Any CPU
		{2B2D1275-67FE-43EE-99FE-3782A68BE1BF}.Release|Any CPU.Build.0 = Release|Any CPU
		{856C2246-5F9C-49CA-BF0C-F2879BFF2914}.Debug|Any CPU.ActiveCfg = Debug|Any CPU
		{856C2246-5F9C-49CA-BF0C-F2879BFF2914}.Debug|Any CPU.Build.0 = Debug|Any CPU
		{856C2246-5F9C-49CA-BF0C-F2879BFF2914}.Release|Any CPU.ActiveCfg = Release|Any CPU
		{856C2246-5F9C-49CA-BF0C-F2879BFF2914}.Release|Any CPU.Build.0 = Release|Any CPU
		{9E453AA9-DB80-401A-84CF-79A1418F8C7F}.Debug|Any CPU.ActiveCfg = Debug|Any CPU
		{9E453AA9-DB80-401A-84CF-79A1418F8C7F}.Debug|Any CPU.Build.0 = Debug|Any CPU
		{9E453AA9-DB80-401A-84CF-79A1418F8C7F}.Release|Any CPU.ActiveCfg = Release|Any CPU
		{9E453AA9-DB80-401A-84CF-79A1418F8C7F}.Release|Any CPU.Build.0 = Release|Any CPU
		{CA64B938-8275-4FFC-8D3B-53189F767EEB}.Debug|Any CPU.ActiveCfg = Debug|Any CPU
		{CA64B938-8275-4FFC-8D3B-53189F767EEB}.Debug|Any CPU.Build.0 = Debug|Any CPU
		{CA64B938-8275-4FFC-8D3B-53189F767EEB}.Release|Any CPU.ActiveCfg = Release|Any CPU
		{CA64B938-8275-4FFC-8D3B-53189F767EEB}.Release|Any CPU.Build.0 = Release|Any CPU
	EndGlobalSection
	GlobalSection(SolutionProperties) = preSolution
		HideSolutionNode = FALSE
	EndGlobalSection
	GlobalSection(ExtensibilityGlobals) = postSolution
		SolutionGuid = {7F9C88E7-EFA4-4B3D-AD5F-DA11FEDBA1C5}
	EndGlobalSection
	GlobalSection(NestedProjects) = preSolution
		{DBB66D5B-5A39-4749-98D7-E081867624B8} = {A1967E73-5A14-4360-A2BB-E7283F855950}
		{9C6D9121-83FF-4D03-8542-7C889A63E5FA} = {A1967E73-5A14-4360-A2BB-E7283F855950}
		{E0EDB115-E39F-45AA-831B-B18327B35921} = {45ED2850-0D46-409B-A42C-766431703560}
		{D2814337-8262-40C4-82ED-9FB72BA54053} = {8CA736E0-9FEC-4941-ABAA-BAFED0C5A3D7}
		{72826932-DA26-45EF-8E6C-6B68A83B9EC7} = {15089EF3-8A25-4360-852B-DBFDC2182092}
		{F4876B8A-B330-4185-9FED-70F03085A713} = {15089EF3-8A25-4360-852B-DBFDC2182092}
		{D187D04D-EECC-4003-A370-4271A735649E} = {20A18863-63A2-44DF-8C1C-78AE274128A5}
		{FEB776AE-A0FC-4739-8902-CB5D7AA58E82} = {D187D04D-EECC-4003-A370-4271A735649E}
		{8B02EB10-257E-4770-9046-AF8ACD43B590} = {D187D04D-EECC-4003-A370-4271A735649E}
		{15089EF3-8A25-4360-852B-DBFDC2182092} = {20A18863-63A2-44DF-8C1C-78AE274128A5}
		{C16FBD4C-34A8-4914-9517-2A4794A1ABBB} = {20A18863-63A2-44DF-8C1C-78AE274128A5}
		{2B2D1275-67FE-43EE-99FE-3782A68BE1BF} = {E8B84EB8-7732-4FBE-8FC2-00B154467356}
		{856C2246-5F9C-49CA-BF0C-F2879BFF2914} = {E8B84EB8-7732-4FBE-8FC2-00B154467356}
		{9E453AA9-DB80-401A-84CF-79A1418F8C7F} = {E8B84EB8-7732-4FBE-8FC2-00B154467356}
		{CA64B938-8275-4FFC-8D3B-53189F767EEB} = {E8B84EB8-7732-4FBE-8FC2-00B154467356}
	EndGlobalSection
EndGlobal
